
Microsoft Visual Studio Solution File, Format Version 12.00
# Visual Studio 15
VisualStudioVersion = 15.0.27703.2035
MinimumVisualStudioVersion = 10.0.40219.1
Project("{8BC9CEB8-8B4A-11D0-8D11-00A0C91BC942}") = "SPP", "Project1\Project1.vcxproj", "{1757DC1F-77CC-4907-B3C5-E6175086C8C9}"
EndProject
Global
	GlobalSection(SolutionConfigurationPlatforms) = preSolution
		Debug|x64 = Debug|x64
		Debug|x86 = Debug|x86
		Release|x64 = Release|x64
		Release|x86 = Release|x86
	EndGlobalSection
	GlobalSection(ProjectConfigurationPlatforms) = postSolution
		{1757DC1F-77CC-4907-B3C5-E6175086C8C9}.Debug|x64.ActiveCfg = Debug|x64
		{1757DC1F-77CC-4907-B3C5-E6175086C8C9}.Debug|x64.Build.0 = Debug|x64
		{1757DC1F-77CC-4907-B3C5-E6175086C8C9}.Debug|x86.ActiveCfg = Debug|Win32
		{1757DC1F-77CC-4907-B3C5-E6175086C8C9}.Debug|x86.Build.0 = Debug|Win32
		{1757DC1F-77CC-4907-B3C5-E6175086C8C9}.Release|x64.ActiveCfg = Release|x64
		{1757DC1F-77CC-4907-B3C5-E6175086C8C9}.Release|x64.Build.0 = Release|x64
		{1757DC1F-77CC-4907-B3C5-E6175086C8C9}.Release|x86.ActiveCfg = Release|Win32
		{1757DC1F-77CC-4907-B3C5-E6175086C8C9}.Release|x86.Build.0 = Release|Win32
	EndGlobalSection
	GlobalSection(SolutionProperties) = preSolution
		HideSolutionNode = FALSE
	EndGlobalSection
	GlobalSection(ExtensibilityGlobals) = postSolution
		SolutionGuid = {DF0EFCED-D2D3-424D-B3C5-55CF47576CA6}
	EndGlobalSection
EndGlobal
